# This file is generated by running "yarn install" inside your project.
# Manual changes might be lost - proceed with caution!

__metadata:
  version: 8
  cacheKey: 10c0

"io-fims@workspace:.":
  version: 0.0.0-use.local
  resolution: "io-fims@workspace:."
  dependencies:
    typescript: "npm:^5.4.2"
  languageName: unknown
  linkType: soft

"typescript@npm:^5.4.2":
  version: 5.4.2
  resolution: "typescript@npm:5.4.2"
  bin:
    tsc: bin/tsc
    tsserver: bin/tsserver
  checksum: 10c0/583ff68cafb0c076695f72d61df6feee71689568179fb0d3a4834dac343df6b6ed7cf7b6f6c801fa52d43cd1d324e2f2d8ae4497b09f9e6cfe3d80a6d6c9ca52
  languageName: node
  linkType: hard

"typescript@patch:typescript@npm%3A^5.4.2#optional!builtin<compat/typescript>":
  version: 5.4.2
  resolution: "typescript@patch:typescript@npm%3A5.4.2#optional!builtin<compat/typescript>::version=5.4.2&hash=5adc0c"
  bin:
    tsc: bin/tsc
    tsserver: bin/tsserver
  checksum: 10c0/fcf6658073d07283910d9a0e04b1d5d0ebc822c04dbb7abdd74c3151c7aa92fcddbac7d799404e358197222006ccdc4c0db219d223d2ee4ccd9e2b01333b49be
  languageName: node
  linkType: hard
