# This file is generated by running "yarn install" inside your project.
# Manual changes might be lost - proceed with caution!

__metadata:
  version: 8
  cacheKey: 10c0

"@azure/functions@npm:^4.3.0":
  version: 4.4.0
  resolution: "@azure/functions@npm:4.4.0"
  dependencies:
    cookie: "npm:^0.6.0"
    long: "npm:^4.0.0"
    undici: "npm:^5.13.0"
  checksum: 10c0/81c97e20c0ce462f262b6a1ce18e1e45c2c690e0988b7221d7094d276cefe3312e1373a697c8408fc88f0fa004825057b455cb87366cf85a831baa83bf571ec5
  languageName: node
  linkType: hard

"@fastify/busboy@npm:^2.0.0":
  version: 2.1.1
  resolution: "@fastify/busboy@npm:2.1.1"
  checksum: 10c0/6f8027a8cba7f8f7b736718b013f5a38c0476eea67034c94a0d3c375e2b114366ad4419e6a6fa7ffc2ef9c6d3e0435d76dd584a7a1cbac23962fda7650b579e3
  languageName: node
  linkType: hard

"@types/node@npm:^20.12.2":
  version: 20.12.2
  resolution: "@types/node@npm:20.12.2"
  dependencies:
    undici-types: "npm:~5.26.4"
  checksum: 10c0/bb47d115a8f95aadebdd6403fee16d149d6b5568ad53bacc42df34c2d572561e36ba47b05f7f68bada43752d7369b470a90df65b646af7502dfb799a21b4fca7
  languageName: node
  linkType: hard

"cookie@npm:^0.6.0":
  version: 0.6.0
  resolution: "cookie@npm:0.6.0"
  checksum: 10c0/f2318b31af7a31b4ddb4a678d024514df5e705f9be5909a192d7f116cfb6d45cbacf96a473fa733faa95050e7cff26e7832bb3ef94751592f1387b71c8956686
  languageName: node
  linkType: hard

"io-fims@workspace:.":
  version: 0.0.0-use.local
  resolution: "io-fims@workspace:."
  dependencies:
    typescript: "npm:^5.4.2"
  languageName: unknown
  linkType: soft

"long@npm:^4.0.0":
  version: 4.0.0
  resolution: "long@npm:4.0.0"
  checksum: 10c0/50a6417d15b06104dbe4e3d4a667c39b137f130a9108ea8752b352a4cfae047531a3ac351c181792f3f8768fe17cca6b0f406674a541a86fb638aaac560d83ed
  languageName: node
  linkType: hard

"openid-provider-app@workspace:apps/openid-provider-app":
  version: 0.0.0-use.local
  resolution: "openid-provider-app@workspace:apps/openid-provider-app"
  languageName: unknown
  linkType: soft

"relying-party-func@workspace:apps/relying-party-func":
  version: 0.0.0-use.local
  resolution: "relying-party-func@workspace:apps/relying-party-func"
  dependencies:
    "@azure/functions": "npm:^4.3.0"
    "@types/node": "npm:^20.12.2"
    typescript: "npm:^5.4.3"
  languageName: unknown
  linkType: soft

"typescript@npm:^5.4.2":
  version: 5.4.2
  resolution: "typescript@npm:5.4.2"
  bin:
    tsc: bin/tsc
    tsserver: bin/tsserver
  checksum: 10c0/583ff68cafb0c076695f72d61df6feee71689568179fb0d3a4834dac343df6b6ed7cf7b6f6c801fa52d43cd1d324e2f2d8ae4497b09f9e6cfe3d80a6d6c9ca52
  languageName: node
  linkType: hard

"typescript@npm:^5.4.3":
  version: 5.4.3
  resolution: "typescript@npm:5.4.3"
  bin:
    tsc: bin/tsc
    tsserver: bin/tsserver
  checksum: 10c0/22443a8760c3668e256c0b34b6b45c359ef6cecc10c42558806177a7d500ab1a7d7aac1f976d712e26989ddf6731d2fbdd3212b7c73290a45127c1c43ba2005a
  languageName: node
  linkType: hard

"typescript@patch:typescript@npm%3A^5.4.2#optional!builtin<compat/typescript>":
  version: 5.4.2
  resolution: "typescript@patch:typescript@npm%3A5.4.2#optional!builtin<compat/typescript>::version=5.4.2&hash=5adc0c"
  bin:
    tsc: bin/tsc
    tsserver: bin/tsserver
  checksum: 10c0/fcf6658073d07283910d9a0e04b1d5d0ebc822c04dbb7abdd74c3151c7aa92fcddbac7d799404e358197222006ccdc4c0db219d223d2ee4ccd9e2b01333b49be
  languageName: node
  linkType: hard

"typescript@patch:typescript@npm%3A^5.4.3#optional!builtin<compat/typescript>":
  version: 5.4.3
  resolution: "typescript@patch:typescript@npm%3A5.4.3#optional!builtin<compat/typescript>::version=5.4.3&hash=5adc0c"
  bin:
    tsc: bin/tsc
    tsserver: bin/tsserver
  checksum: 10c0/6e51f8b7e6ec55b897b9e56b67e864fe8f44e30f4a14357aad5dc0f7432db2f01efc0522df0b6c36d361c51f2dc3dcac5c832efd96a404cfabf884e915d38828
  languageName: node
  linkType: hard

"undici-types@npm:~5.26.4":
  version: 5.26.5
  resolution: "undici-types@npm:5.26.5"
  checksum: 10c0/bb673d7876c2d411b6eb6c560e0c571eef4a01c1c19925175d16e3a30c4c428181fb8d7ae802a261f283e4166a0ac435e2f505743aa9e45d893f9a3df017b501
  languageName: node
  linkType: hard

"undici@npm:^5.13.0":
  version: 5.28.3
  resolution: "undici@npm:5.28.3"
  dependencies:
    "@fastify/busboy": "npm:^2.0.0"
  checksum: 10c0/3c559ae50ef3104b7085251445dda6f4de871553b9e290845649d2f80b06c0c9cfcdf741b0029c6b20d36c82e6a74dc815b139fa9a26757d70728074ca6d6f5c
  languageName: node
  linkType: hard

"user-func@workspace:apps/user-func":
  version: 0.0.0-use.local
  resolution: "user-func@workspace:apps/user-func"
  languageName: unknown
  linkType: soft
